Microsoft Visual Studio Solution File, Format Version 12.00
# Visual Studio Version 17
VisualStudioVersion = 17.5.2.0
MinimumVisualStudioVersion = 10.0.40219.1
Project("{FAE04EC0-301F-11D3-BF4B-00C04F79EFBC}") = "P1-MARCELO PANDURO", "P1-MARCELO PANDURO.csproj", "{872057D4-B51E-E92C-30B6-8D556E997E0B}"
EndProject
Global
	GlobalSection(SolutionConfigurationPlatforms) = preSolution
		Debug|Any CPU = Debug|Any CPU
		Release|Any CPU = Release|Any CPU
	EndGlobalSection
	GlobalSection(ProjectConfigurationPlatforms) = postSolution
		{872057D4-B51E-E92C-30B6-8D556E997E0B}.Debug|Any CPU.ActiveCfg = Debug|Any CPU
		{872057D4-B51E-E92C-30B6-8D556E997E0B}.Debug|Any CPU.Build.0 = Debug|Any CPU
		{872057D4-B51E-E92C-30B6-8D556E997E0B}.Release|Any CPU.ActiveCfg = Release|Any CPU
		{872057D4-B51E-E92C-30B6-8D556E997E0B}.Release|Any CPU.Build.0 = Release|Any CPU
	EndGlobalSection
	GlobalSection(SolutionProperties) = preSolution
		HideSolutionNode = FALSE
	EndGlobalSection
	GlobalSection(ExtensibilityGlobals) = postSolution
		SolutionGuid = {0A43A83D-ABD0-44EE-8CFD-B5647E8BA1C1}
	EndGlobalSection
EndGlobal
